// !$*UTF8*$!
{
	archiveVersion = 1;
	classes = {
	};
	objectVersion = 56;
	objects = {

/* Begin PBXBuildFile section */
		E124DA232B414B0D00EC7FFD /* MatchDetailVC.swift in Sources */ = {isa = PBXBuildFile; fileRef = E124DA222B414B0D00EC7FFD /* MatchDetailVC.swift */; };
		E124DA272B414E5C00EC7FFD /* Tempurature.swift in Sources */ = {isa = PBXBuildFile; fileRef = E124DA262B414E5C00EC7FFD /* Tempurature.swift */; };
		E124DA2B2B41713300EC7FFD /* MatchDetailViewModel.swift in Sources */ = {isa = PBXBuildFile; fileRef = E124DA2A2B41713300EC7FFD /* MatchDetailViewModel.swift */; };
		E170E1FB2B4092B80085C480 /* AppDelegate.swift in Sources */ = {isa = PBXBuildFile; fileRef = E170E1FA2B4092B80085C480 /* AppDelegate.swift */; };
		E170E1FD2B4092B80085C480 /* SceneDelegate.swift in Sources */ = {isa = PBXBuildFile; fileRef = E170E1FC2B4092B80085C480 /* SceneDelegate.swift */; };
		E170E2022B4092B80085C480 /* Main.storyboard in Resources */ = {isa = PBXBuildFile; fileRef = E170E2002B4092B80085C480 /* Main.storyboard */; };
		E170E2042B4092B90085C480 /* Assets.xcassets in Resources */ = {isa = PBXBuildFile; fileRef = E170E2032B4092B90085C480 /* Assets.xcassets */; };
		E170E2072B4092B90085C480 /* LaunchScreen.storyboard in Resources */ = {isa = PBXBuildFile; fileRef = E170E2052B4092B90085C480 /* LaunchScreen.storyboard */; };
		E170E26D2B409A4E0085C480 /* APIManager.swift in Sources */ = {isa = PBXBuildFile; fileRef = E170E26C2B409A4E0085C480 /* APIManager.swift */; };
		E170E26F2B409C560085C480 /* Constanat.swift in Sources */ = {isa = PBXBuildFile; fileRef = E170E26E2B409C560085C480 /* Constanat.swift */; };
/* End PBXBuildFile section */

/* Begin PBXFileReference section */
		E124DA222B414B0D00EC7FFD /* MatchDetailVC.swift */ = {isa = PBXFileReference; lastKnownFileType = sourcecode.swift; path = MatchDetailVC.swift; sourceTree = "<group>"; };
		E124DA262B414E5C00EC7FFD /* Tempurature.swift */ = {isa = PBXFileReference; lastKnownFileType = sourcecode.swift; path = Tempurature.swift; sourceTree = "<group>"; };
		E124DA2A2B41713300EC7FFD /* MatchDetailViewModel.swift */ = {isa = PBXFileReference; lastKnownFileType = sourcecode.swift; path = MatchDetailViewModel.swift; sourceTree = "<group>"; };
		E170E1F72B4092B80085C480 /* Test.app */ = {isa = PBXFileReference; explicitFileType = wrapper.application; includeInIndex = 0; path = Test.app; sourceTree = BUILT_PRODUCTS_DIR; };
		E170E1FA2B4092B80085C480 /* AppDelegate.swift */ = {isa = PBXFileReference; lastKnownFileType = sourcecode.swift; path = AppDelegate.swift; sourceTree = "<group>"; };
		E170E1FC2B4092B80085C480 /* SceneDelegate.swift */ = {isa = PBXFileReference; lastKnownFileType = sourcecode.swift; path = SceneDelegate.swift; sourceTree = "<group>"; };
		E170E2012B4092B80085C480 /* Base */ = {isa = PBXFileReference; lastKnownFileType = file.storyboard; name = Base; path = Base.lproj/Main.storyboard; sourceTree = "<group>"; };
		E170E2032B4092B90085C480 /* Assets.xcassets */ = {isa = PBXFileReference; lastKnownFileType = folder.assetcatalog; path = Assets.xcassets; sourceTree = "<group>"; };
		E170E2062B4092B90085C480 /* Base */ = {isa = PBXFileReference; lastKnownFileType = file.storyboard; name = Base; path = Base.lproj/LaunchScreen.storyboard; sourceTree = "<group>"; };
		E170E2082B4092B90085C480 /* Info.plist */ = {isa = PBXFileReference; lastKnownFileType = text.plist.xml; path = Info.plist; sourceTree = "<group>"; };
		E170E26C2B409A4E0085C480 /* APIManager.swift */ = {isa = PBXFileReference; lastKnownFileType = sourcecode.swift; path = APIManager.swift; sourceTree = "<group>"; };
		E170E26E2B409C560085C480 /* Constanat.swift */ = {isa = PBXFileReference; lastKnownFileType = sourcecode.swift; path = Constanat.swift; sourceTree = "<group>"; };
/* End PBXFileReference section */

/* Begin PBXFrameworksBuildPhase section */
		E170E1F42B4092B80085C480 /* Frameworks */ = {
			isa = PBXFrameworksBuildPhase;
			buildActionMask = 2147483647;
			files = (
			);
			runOnlyForDeploymentPostprocessing = 0;
		};
/* End PBXFrameworksBuildPhase section */

/* Begin PBXGroup section */
		E124DA252B414E2A00EC7FFD /* Models */ = {
			isa = PBXGroup;
			children = (
				E124DA262B414E5C00EC7FFD /* Tempurature.swift */,
			);
			path = Models;
			sourceTree = "<group>";
		};
		E170E1EE2B4092B80085C480 = {
			isa = PBXGroup;
			children = (
				E170E1F92B4092B80085C480 /* Test */,
				E170E1F82B4092B80085C480 /* Products */,
			);
			sourceTree = "<group>";
		};
		E170E1F82B4092B80085C480 /* Products */ = {
			isa = PBXGroup;
			children = (
				E170E1F72B4092B80085C480 /* Test.app */,
			);
			name = Products;
			sourceTree = "<group>";
		};
		E170E1F92B4092B80085C480 /* Test */ = {
			isa = PBXGroup;
			children = (
				E170E2142B4092EF0085C480 /* Application */,
				E170E2132B4092EC0085C480 /* Constant */,
				E170E2122B4092DC0085C480 /* Extensions */,
				E170E2112B4092D90085C480 /* Helper */,
				E170E2102B4092D60085C480 /* Screens */,
				E170E20E2B4092C10085C480 /* Storyboard */,
				E170E2152B4093650085C480 /* Resources */,
				E170E2082B4092B90085C480 /* Info.plist */,
			);
			path = Test;
			sourceTree = "<group>";
		};
		E170E20E2B4092C10085C480 /* Storyboard */ = {
			isa = PBXGroup;
			children = (
				E170E2002B4092B80085C480 /* Main.storyboard */,
				E170E2052B4092B90085C480 /* LaunchScreen.storyboard */,
			);
			path = Storyboard;
			sourceTree = "<group>";
		};
		E170E2102B4092D60085C480 /* Screens */ = {
			isa = PBXGroup;
			children = (
				E170E2162B4093AD0085C480 /* Product */,
			);
			path = Screens;
			sourceTree = "<group>";
		};
		E170E2112B4092D90085C480 /* Helper */ = {
			isa = PBXGroup;
			children = (
				E170E26C2B409A4E0085C480 /* APIManager.swift */,
			);
			path = Helper;
			sourceTree = "<group>";
		};
		E170E2122B4092DC0085C480 /* Extensions */ = {
			isa = PBXGroup;
			children = (
			);
			path = Extensions;
			sourceTree = "<group>";
		};
		E170E2132B4092EC0085C480 /* Constant */ = {
			isa = PBXGroup;
			children = (
				E170E26E2B409C560085C480 /* Constanat.swift */,
			);
			path = Constant;
			sourceTree = "<group>";
		};
		E170E2142B4092EF0085C480 /* Application */ = {
			isa = PBXGroup;
			children = (
				E170E1FA2B4092B80085C480 /* AppDelegate.swift */,
				E170E1FC2B4092B80085C480 /* SceneDelegate.swift */,
			);
			path = Application;
			sourceTree = "<group>";
		};
		E170E2152B4093650085C480 /* Resources */ = {
			isa = PBXGroup;
			children = (
				E170E2032B4092B90085C480 /* Assets.xcassets */,
			);
			path = Resources;
			sourceTree = "<group>";
		};
		E170E2162B4093AD0085C480 /* Product */ = {
			isa = PBXGroup;
			children = (
				E124DA252B414E2A00EC7FFD /* Models */,
				E170E2182B4093C00085C480 /* View */,
				E170E2192B4093D40085C480 /* ViewModel */,
			);
			path = Product;
			sourceTree = "<group>";
		};
		E170E2182B4093C00085C480 /* View */ = {
			isa = PBXGroup;
			children = (
				E124DA222B414B0D00EC7FFD /* MatchDetailVC.swift */,
			);
			path = View;
			sourceTree = "<group>";
		};
		E170E2192B4093D40085C480 /* ViewModel */ = {
			isa = PBXGroup;
			children = (
				E124DA2A2B41713300EC7FFD /* MatchDetailViewModel.swift */,
			);
			path = ViewModel;
			sourceTree = "<group>";
		};
/* End PBXGroup section */

/* Begin PBXNativeTarget section */
		E170E1F62B4092B80085C480 /* Test */ = {
			isa = PBXNativeTarget;
			buildConfigurationList = E170E20B2B4092B90085C480 /* Build configuration list for PBXNativeTarget "Test" */;
			buildPhases = (
				E170E1F32B4092B80085C480 /* Sources */,
				E170E1F42B4092B80085C480 /* Frameworks */,
				E170E1F52B4092B80085C480 /* Resources */,
			);
			buildRules = (
			);
			dependencies = (
			);
			name = Test;
			productName = Test;
			productReference = E170E1F72B4092B80085C480 /* Test.app */;
			productType = "com.apple.product-type.application";
		};
/* End PBXNativeTarget section */

/* Begin PBXProject section */
		E170E1EF2B4092B80085C480 /* Project object */ = {
			isa = PBXProject;
			attributes = {
				BuildIndependentTargetsInParallel = 1;
				LastSwiftUpdateCheck = 1510;
				LastUpgradeCheck = 1510;
				TargetAttributes = {
					E170E1F62B4092B80085C480 = {
						CreatedOnToolsVersion = 15.1;
					};
				};
			};
			buildConfigurationList = E170E1F22B4092B80085C480 /* Build configuration list for PBXProject "Test" */;
			compatibilityVersion = "Xcode 14.0";
			developmentRegion = en;
			hasScannedForEncodings = 0;
			knownRegions = (
				en,
				Base,
			);
			mainGroup = E170E1EE2B4092B80085C480;
			productRefGroup = E170E1F82B4092B80085C480 /* Products */;
			projectDirPath = "";
			projectRoot = "";
			targets = (
				E170E1F62B4092B80085C480 /* Test */,
			);
		};
/* End PBXProject section */

/* Begin PBXResourcesBuildPhase section */
		E170E1F52B4092B80085C480 /* Resources */ = {
			isa = PBXResourcesBuildPhase;
			buildActionMask = 2147483647;
			files = (
				E170E2072B4092B90085C480 /* LaunchScreen.storyboard in Resources */,
				E170E2042B4092B90085C480 /* Assets.xcassets in Resources */,
				E170E2022B4092B80085C480 /* Main.storyboard in Resources */,
			);
			runOnlyForDeploymentPostprocessing = 0;
		};
/* End PBXResourcesBuildPhase section */

/* Begin PBXSourcesBuildPhase section */
		E170E1F32B4092B80085C480 /* Sources */ = {
			isa = PBXSourcesBuildPhase;
			buildActionMask = 2147483647;
			files = (
				E124DA272B414E5C00EC7FFD /* Tempurature.swift in Sources */,
				E170E26F2B409C560085C480 /* Constanat.swift in Sources */,
				E124DA2B2B41713300EC7FFD /* MatchDetailViewModel.swift in Sources */,
				E170E26D2B409A4E0085C480 /* APIManager.swift in Sources */,
				E170E1FB2B4092B80085C480 /* AppDelegate.swift in Sources */,
				E124DA232B414B0D00EC7FFD /* MatchDetailVC.swift in Sources */,
				E170E1FD2B4092B80085C480 /* SceneDelegate.swift in Sources */,
			);
			runOnlyForDeploymentPostprocessing = 0;
		};
/* End PBXSourcesBuildPhase section */

/* Begin PBXVariantGroup section */
		E170E2002B4092B80085C480 /* Main.storyboard */ = {
			isa = PBXVariantGroup;
			children = (
				E170E2012B4092B80085C480 /* Base */,
			);
			name = Main.storyboard;
			sourceTree = "<group>";
		};
		E170E2052B4092B90085C480 /* LaunchScreen.storyboard */ = {
			isa = PBXVariantGroup;
			children = (
				E170E2062B4092B90085C480 /* Base */,
			);
			name = LaunchScreen.storyboard;
			sourceTree = "<group>";
		};
/* End PBXVariantGroup section */

/* Begin XCBuildConfiguration section */
		E170E2092B4092B90085C480 /* Debug */ = {
			isa = XCBuildConfiguration;
			buildSettings = {
				ALWAYS_SEARCH_USER_PATHS = NO;
				ASSETCATALOG_COMPILER_GENERATE_SWIFT_ASSET_SYMBOL_EXTENSIONS = YES;
				CLANG_ANALYZER_NONNULL = YES;
				CLANG_ANALYZER_NUMBER_OBJECT_CONVERSION = YES_AGGRESSIVE;
				CLANG_CXX_LANGUAGE_STANDARD = "gnu++20";
				CLANG_ENABLE_MODULES = YES;
				CLANG_ENABLE_OBJC_ARC = YES;
				CLANG_ENABLE_OBJC_WEAK = YES;
				CLANG_WARN_BLOCK_CAPTURE_AUTORELEASING = YES;
				CLANG_WARN_BOOL_CONVERSION = YES;
				CLANG_WARN_COMMA = YES;
				CLANG_WARN_CONSTANT_CONVERSION = YES;
				CLANG_WARN_DEPRECATED_OBJC_IMPLEMENTATIONS = YES;
				CLANG_WARN_DIRECT_OBJC_ISA_USAGE = YES_ERROR;
				CLANG_WARN_DOCUMENTATION_COMMENTS = YES;
				CLANG_WARN_EMPTY_BODY = YES;
				CLANG_WARN_ENUM_CONVERSION = YES;
				CLANG_WARN_INFINITE_RECURSION = YES;
				CLANG_WARN_INT_CONVERSION = YES;
				CLANG_WARN_NON_LITERAL_NULL_CONVERSION = YES;
				CLANG_WARN_OBJC_IMPLICIT_RETAIN_SELF = YES;
				CLANG_WARN_OBJC_LITERAL_CONVERSION = YES;
				CLANG_WARN_OBJC_ROOT_CLASS = YES_ERROR;
				CLANG_WARN_QUOTED_INCLUDE_IN_FRAMEWORK_HEADER = YES;
				CLANG_WARN_RANGE_LOOP_ANALYSIS = YES;
				CLANG_WARN_STRICT_PROTOTYPES = YES;
				CLANG_WARN_SUSPICIOUS_MOVE = YES;
				CLANG_WARN_UNGUARDED_AVAILABILITY = YES_AGGRESSIVE;
				CLANG_WARN_UNREACHABLE_CODE = YES;
				CLANG_WARN__DUPLICATE_METHOD_MATCH = YES;
				COPY_PHASE_STRIP = NO;
				DEBUG_INFORMATION_FORMAT = dwarf;
				ENABLE_STRICT_OBJC_MSGSEND = YES;
				ENABLE_TESTABILITY = YES;
				ENABLE_USER_SCRIPT_SANDBOXING = YES;
				GCC_C_LANGUAGE_STANDARD = gnu17;
				GCC_DYNAMIC_NO_PIC = NO;
				GCC_NO_COMMON_BLOCKS = YES;
				GCC_OPTIMIZATION_LEVEL = 0;
				GCC_PREPROCESSOR_DEFINITIONS = (
					"DEBUG=1",
					"$(inherited)",
				);
				GCC_WARN_64_TO_32_BIT_CONVERSION = YES;
				GCC_WARN_ABOUT_RETURN_TYPE = YES_ERROR;
				GCC_WARN_UNDECLARED_SELECTOR = YES;
				GCC_WARN_UNINITIALIZED_AUTOS = YES_AGGRESSIVE;
				GCC_WARN_UNUSED_FUNCTION = YES;
				GCC_WARN_UNUSED_VARIABLE = YES;
				IPHONEOS_DEPLOYMENT_TARGET = 17.2;
				LOCALIZATION_PREFERS_STRING_CATALOGS = YES;
				MTL_ENABLE_DEBUG_INFO = INCLUDE_SOURCE;
				MTL_FAST_MATH = YES;
				ONLY_ACTIVE_ARCH = YES;
				SDKROOT = iphoneos;
				SWIFT_ACTIVE_COMPILATION_CONDITIONS = "DEBUG $(inherited)";
				SWIFT_OPTIMIZATION_LEVEL = "-Onone";
			};
			name = Debug;
		};
		E170E20A2B4092B90085C480 /* Release */ = {
			isa = XCBuildConfiguration;
			buildSettings = {
				ALWAYS_SEARCH_USER_PATHS = NO;
				ASSETCATALOG_COMPILER_GENERATE_SWIFT_ASSET_SYMBOL_EXTENSIONS = YES;
				CLANG_ANALYZER_NONNULL = YES;
				CLANG_ANALYZER_NUMBER_OBJECT_CONVERSION = YES_AGGRESSIVE;
				CLANG_CXX_LANGUAGE_STANDARD = "gnu++20";
				CLANG_ENABLE_MODULES = YES;
				CLANG_ENABLE_OBJC_ARC = YES;
				CLANG_ENABLE_OBJC_WEAK = YES;
				CLANG_WARN_BLOCK_CAPTURE_AUTORELEASING = YES;
				CLANG_WARN_BOOL_CONVERSION = YES;
				CLANG_WARN_COMMA = YES;
				CLANG_WARN_CONSTANT_CONVERSION = YES;
				CLANG_WARN_DEPRECATED_OBJC_IMPLEMENTATIONS = YES;
				CLANG_WARN_DIRECT_OBJC_ISA_USAGE = YES_ERROR;
				CLANG_WARN_DOCUMENTATION_COMMENTS = YES;
				CLANG_WARN_EMPTY_BODY = YES;
				CLANG_WARN_ENUM_CONVERSION = YES;
				CLANG_WARN_INFINITE_RECURSION = YES;
				CLANG_WARN_INT_CONVERSION = YES;
				CLANG_WARN_NON_LITERAL_NULL_CONVERSION = YES;
				CLANG_WARN_OBJC_IMPLICIT_RETAIN_SELF = YES;
				CLANG_WARN_OBJC_LITERAL_CONVERSION = YES;
				CLANG_WARN_OBJC_ROOT_CLASS = YES_ERROR;
				CLANG_WARN_QUOTED_INCLUDE_IN_FRAMEWORK_HEADER = YES;
				CLANG_WARN_RANGE_LOOP_ANALYSIS = YES;
				CLANG_WARN_STRICT_PROTOTYPES = YES;
				CLANG_WARN_SUSPICIOUS_MOVE = YES;
				CLANG_WARN_UNGUARDED_AVAILABILITY = YES_AGGRESSIVE;
				CLANG_WARN_UNREACHABLE_CODE = YES;
				CLANG_WARN__DUPLICATE_METHOD_MATCH = YES;
				COPY_PHASE_STRIP = NO;
				DEBUG_INFORMATION_FORMAT = "dwarf-with-dsym";
				ENABLE_NS_ASSERTIONS = NO;
				ENABLE_STRICT_OBJC_MSGSEND = YES;
				ENABLE_USER_SCRIPT_SANDBOXING = YES;
				GCC_C_LANGUAGE_STANDARD = gnu17;
				GCC_NO_COMMON_BLOCKS = YES;
				GCC_WARN_64_TO_32_BIT_CONVERSION = YES;
				GCC_WARN_ABOUT_RETURN_TYPE = YES_ERROR;
				GCC_WARN_UNDECLARED_SELECTOR = YES;
				GCC_WARN_UNINITIALIZED_AUTOS = YES_AGGRESSIVE;
				GCC_WARN_UNUSED_FUNCTION = YES;
				GCC_WARN_UNUSED_VARIABLE = YES;
				IPHONEOS_DEPLOYMENT_TARGET = 17.2;
				LOCALIZATION_PREFERS_STRING_CATALOGS = YES;
				MTL_ENABLE_DEBUG_INFO = NO;
				MTL_FAST_MATH = YES;
				SDKROOT = iphoneos;
				SWIFT_COMPILATION_MODE = wholemodule;
				VALIDATE_PRODUCT = YES;
			};
			name = Release;
		};
		E170E20C2B4092B90085C480 /* Debug */ = {
			isa = XCBuildConfiguration;
			buildSettings = {
				ASSETCATALOG_COMPILER_APPICON_NAME = AppIcon;
				ASSETCATALOG_COMPILER_GLOBAL_ACCENT_COLOR_NAME = AccentColor;
				CODE_SIGN_STYLE = Automatic;
				CURRENT_PROJECT_VERSION = 1;
				DEVELOPMENT_TEAM = 64L94BA337;
				GENERATE_INFOPLIST_FILE = YES;
				INFOPLIST_FILE = Test/Info.plist;
				INFOPLIST_KEY_UIApplicationSupportsIndirectInputEvents = YES;
				INFOPLIST_KEY_UILaunchStoryboardName = LaunchScreen;
				INFOPLIST_KEY_UIMainStoryboardFile = Main;
				INFOPLIST_KEY_UISupportedInterfaceOrientations_iPad = "UIInterfaceOrientationPortrait UIInterfaceOrientationPortraitUpsideDown UIInterfaceOrientationLandscapeLeft UIInterfaceOrientationLandscapeRight";
				INFOPLIST_KEY_UISupportedInterfaceOrientations_iPhone = "UIInterfaceOrientationPortrait UIInterfaceOrientationLandscapeLeft UIInterfaceOrientationLandscapeRight";
				LD_RUNPATH_SEARCH_PATHS = (
					"$(inherited)",
					"@executable_path/Frameworks",
				);
				MARKETING_VERSION = 1.0;
				PRODUCT_BUNDLE_IDENTIFIER = Com.ITPATH.Test;
				PRODUCT_NAME = "$(TARGET_NAME)";
				SWIFT_EMIT_LOC_STRINGS = YES;
				SWIFT_VERSION = 5.0;
				TARGETED_DEVICE_FAMILY = "1,2";
			};
			name = Debug;
		};
		E170E20D2B4092B90085C480 /* Release */ = {
			isa = XCBuildConfiguration;
			buildSettings = {
				ASSETCATALOG_COMPILER_APPICON_NAME = AppIcon;
				ASSETCATALOG_COMPILER_GLOBAL_ACCENT_COLOR_NAME = AccentColor;
				CODE_SIGN_STYLE = Automatic;
				CURRENT_PROJECT_VERSION = 1;
				DEVELOPMENT_TEAM = 64L94BA337;
				GENERATE_INFOPLIST_FILE = YES;
				INFOPLIST_FILE = Test/Info.plist;
				INFOPLIST_KEY_UIApplicationSupportsIndirectInputEvents = YES;
				INFOPLIST_KEY_UILaunchStoryboardName = LaunchScreen;
				INFOPLIST_KEY_UIMainStoryboardFile = Main;
				INFOPLIST_KEY_UISupportedInterfaceOrientations_iPad = "UIInterfaceOrientationPortrait UIInterfaceOrientationPortraitUpsideDown UIInterfaceOrientationLandscapeLeft UIInterfaceOrientationLandscapeRight";
				INFOPLIST_KEY_UISupportedInterfaceOrientations_iPhone = "UIInterfaceOrientationPortrait UIInterfaceOrientationLandscapeLeft UIInterfaceOrientationLandscapeRight";
				LD_RUNPATH_SEARCH_PATHS = (
					"$(inherited)",
					"@executable_path/Frameworks",
				);
				MARKETING_VERSION = 1.0;
				PRODUCT_BUNDLE_IDENTIFIER = Com.ITPATH.Test;
				PRODUCT_NAME = "$(TARGET_NAME)";
				SWIFT_EMIT_LOC_STRINGS = YES;
				SWIFT_VERSION = 5.0;
				TARGETED_DEVICE_FAMILY = "1,2";
			};
			name = Release;
		};
/* End XCBuildConfiguration section */

/* Begin XCConfigurationList section */
		E170E1F22B4092B80085C480 /* Build configuration list for PBXProject "Test" */ = {
			isa = XCConfigurationList;
			buildConfigurations = (
				E170E2092B4092B90085C480 /* Debug */,
				E170E20A2B4092B90085C480 /* Release */,
			);
			defaultConfigurationIsVisible = 0;
			defaultConfigurationName = Release;
		};
		E170E20B2B4092B90085C480 /* Build configuration list for PBXNativeTarget "Test" */ = {
			isa = XCConfigurationList;
			buildConfigurations = (
				E170E20C2B4092B90085C480 /* Debug */,
				E170E20D2B4092B90085C480 /* Release */,
			);
			defaultConfigurationIsVisible = 0;
			defaultConfigurationName = Release;
		};
/* End XCConfigurationList section */
	};
	rootObject = E170E1EF2B4092B80085C480 /* Project object */;
}
